
Microsoft Visual Studio Solution File, Format Version 12.00
# Visual Studio 2012
Project("{FAE04EC0-301F-11D3-BF4B-00C04F79EFBC}") = "OpTrace", "OptionalParallel\OpTrace.csproj", "{3715E829-134E-430D-9221-E0C4201836B9}"
EndProject
Global
	GlobalSection(SolutionConfigurationPlatforms) = preSolution
		Debug|Any CPU = Debug|Any CPU
		Release|Any CPU = Release|Any CPU
	EndGlobalSection
	GlobalSection(ProjectConfigurationPlatforms) = postSolution
		{3715E829-134E-430D-9221-E0C4201836B9}.Debug|Any CPU.ActiveCfg = Debug|Any CPU
		{3715E829-134E-430D-9221-E0C4201836B9}.Debug|Any CPU.Build.0 = Debug|Any CPU
		{3715E829-134E-430D-9221-E0C4201836B9}.Release|Any CPU.ActiveCfg = Release|Any CPU
		{3715E829-134E-430D-9221-E0C4201836B9}.Release|Any CPU.Build.0 = Release|Any CPU
	EndGlobalSection
	GlobalSection(SolutionProperties) = preSolution
		HideSolutionNode = FALSE
	EndGlobalSection
EndGlobal
